PODS:
  - SDWebImage (5.10.4):
    - SDWebImage/Core (= 5.10.4)
  - SDWebImage/Core (5.10.4)
  - SnapKit (5.6.0)

DEPENDENCIES:
  - SDWebImage (~> 5.0)
  - SnapKit (~> 5.6.0)

SPEC REPOS:
  trunk:
    - SDWebImage
    - SnapKit

SPEC CHECKSUMS:
  SDWebImage: c666b97e1fa9c64b4909816a903322018f0a9c84
  SnapKit: e01d52ebb8ddbc333eefe2132acf85c8227d9c25

PODFILE CHECKSUM: 7d0b321baf81c0f82182344618a555a834825647

COCOAPODS: 1.11.3
