// !$*UTF8*$!
{
	archiveVersion = 1;
	classes = {
	};
	objectVersion = 51;
	objects = {

/* Begin PBXBuildFile section */
		5666CCF4EA58360B23627491 /* Pods_NewsApp.framework in Frameworks */ = {isa = PBXBuildFile; fileRef = 454977BADBB1EADD309D678D /* Pods_NewsApp.framework */; };
		B24EA895263428ED0012B20B /* FeedPage.swift in Sources */ = {isa = PBXBuildFile; fileRef = B24EA894263428ED0012B20B /* FeedPage.swift */; };
		B24EA8982634291F0012B20B /* CategorizePage.swift in Sources */ = {isa = PBXBuildFile; fileRef = B24EA8972634291F0012B20B /* CategorizePage.swift */; };
		B24EA89B2634294C0012B20B /* UserPage.swift in Sources */ = {isa = PBXBuildFile; fileRef = B24EA89A2634294C0012B20B /* UserPage.swift */; };
		B24EA89F26345EFA0012B20B /* CollectionReusableView.swift in Sources */ = {isa = PBXBuildFile; fileRef = B24EA89E26345EFA0012B20B /* CollectionReusableView.swift */; };
		B25E187C3CDA3E9300C41349 /* FeedNewsCell.swift in Sources */ = {isa = PBXBuildFile; fileRef = B25E187B3CDA3E9300C41349 /* FeedNewsCell.swift */; };
		B26A11812633554A00DB67E3 /* AppDelegate.swift in Sources */ = {isa = PBXBuildFile; fileRef = B26A11802633554A00DB67E3 /* AppDelegate.swift */; };
		B26A11832633554A00DB67E3 /* SceneDelegate.swift in Sources */ = {isa = PBXBuildFile; fileRef = B26A11822633554A00DB67E3 /* SceneDelegate.swift */; };
		B26A11852633554A00DB67E3 /* TabBarController.swift in Sources */ = {isa = PBXBuildFile; fileRef = B26A11842633554A00DB67E3 /* TabBarController.swift */; };
		B26A118A2633554C00DB67E3 /* Assets.xcassets in Resources */ = {isa = PBXBuildFile; fileRef = B26A11892633554C00DB67E3 /* Assets.xcassets */; };
		B26A118D2633554C00DB67E3 /* LaunchScreen.storyboard in Resources */ = {isa = PBXBuildFile; fileRef = B26A118B2633554C00DB67E3 /* LaunchScreen.storyboard */; };
		B29CE4172649461700C0EFD6 /* Page.swift in Sources */ = {isa = PBXBuildFile; fileRef = B29CE4162649461700C0EFD6 /* Page.swift */; };
		B2D5A2E2264C9E6000940A61 /* MainPage.swift in Sources */ = {isa = PBXBuildFile; fileRef = B2D5A2E1264C9E6000940A61 /* MainPage.swift */; };
		B2F2A11826475138007C3C7A /* cellFullScreen.swift in Sources */ = {isa = PBXBuildFile; fileRef = B2F2A11726475138007C3C7A /* cellFullScreen.swift */; };
/* End PBXBuildFile section */

/* Begin PBXFileReference section */
		454977BADBB1EADD309D678D /* Pods_NewsApp.framework */ = {isa = PBXFileReference; explicitFileType = wrapper.framework; includeInIndex = 0; path = Pods_NewsApp.framework; sourceTree = BUILT_PRODUCTS_DIR; };
		986933EF0D5605ECB3655328 /* Pods-NewsApp.debug.xcconfig */ = {isa = PBXFileReference; includeInIndex = 1; lastKnownFileType = text.xcconfig; name = "Pods-NewsApp.debug.xcconfig"; path = "Target Support Files/Pods-NewsApp/Pods-NewsApp.debug.xcconfig"; sourceTree = "<group>"; };
		B24EA894263428ED0012B20B /* FeedPage.swift */ = {isa = PBXFileReference; lastKnownFileType = sourcecode.swift; path = FeedPage.swift; sourceTree = "<group>"; };
		B24EA8972634291F0012B20B /* CategorizePage.swift */ = {isa = PBXFileReference; lastKnownFileType = sourcecode.swift; path = CategorizePage.swift; sourceTree = "<group>"; };
		B24EA89A2634294C0012B20B /* UserPage.swift */ = {isa = PBXFileReference; lastKnownFileType = sourcecode.swift; path = UserPage.swift; sourceTree = "<group>"; };
		B24EA89E26345EFA0012B20B /* CollectionReusableView.swift */ = {isa = PBXFileReference; lastKnownFileType = sourcecode.swift; path = CollectionReusableView.swift; sourceTree = "<group>"; };
		B25E187B3CDA3E9300C41349 /* FeedNewsCell.swift */ = {isa = PBXFileReference; lastKnownFileType = sourcecode.swift; path = FeedNewsCell.swift; sourceTree = "<group>"; };
		B26A117D2633554A00DB67E3 /* NewsApp.app */ = {isa = PBXFileReference; explicitFileType = wrapper.application; includeInIndex = 0; path = NewsApp.app; sourceTree = BUILT_PRODUCTS_DIR; };
		B26A11802633554A00DB67E3 /* AppDelegate.swift */ = {isa = PBXFileReference; lastKnownFileType = sourcecode.swift; path = AppDelegate.swift; sourceTree = "<group>"; };
		B26A11822633554A00DB67E3 /* SceneDelegate.swift */ = {isa = PBXFileReference; lastKnownFileType = sourcecode.swift; path = SceneDelegate.swift; sourceTree = "<group>"; };
		B26A11842633554A00DB67E3 /* TabBarController.swift */ = {isa = PBXFileReference; lastKnownFileType = sourcecode.swift; path = TabBarController.swift; sourceTree = "<group>"; };
		B26A11892633554C00DB67E3 /* Assets.xcassets */ = {isa = PBXFileReference; lastKnownFileType = folder.assetcatalog; path = Assets.xcassets; sourceTree = "<group>"; };
		B26A118C2633554C00DB67E3 /* Base */ = {isa = PBXFileReference; lastKnownFileType = file.storyboard; name = Base; path = Base.lproj/LaunchScreen.storyboard; sourceTree = "<group>"; };
		B26A118E2633554C00DB67E3 /* Info.plist */ = {isa = PBXFileReference; lastKnownFileType = text.plist.xml; path = Info.plist; sourceTree = "<group>"; };
		B29CE4162649461700C0EFD6 /* Page.swift */ = {isa = PBXFileReference; lastKnownFileType = sourcecode.swift; path = Page.swift; sourceTree = "<group>"; };
		B2D5A2E1264C9E6000940A61 /* MainPage.swift */ = {isa = PBXFileReference; lastKnownFileType = sourcecode.swift; path = MainPage.swift; sourceTree = "<group>"; };
		B2F2A11726475138007C3C7A /* cellFullScreen.swift */ = {isa = PBXFileReference; lastKnownFileType = sourcecode.swift; path = cellFullScreen.swift; sourceTree = "<group>"; };
		E0D3DD246FD7BF966A6A9D61 /* Pods-NewsApp.release.xcconfig */ = {isa = PBXFileReference; includeInIndex = 1; lastKnownFileType = text.xcconfig; name = "Pods-NewsApp.release.xcconfig"; path = "Target Support Files/Pods-NewsApp/Pods-NewsApp.release.xcconfig"; sourceTree = "<group>"; };
/* End PBXFileReference section */

/* Begin PBXFrameworksBuildPhase section */
		B26A117A2633554A00DB67E3 /* Frameworks */ = {
			isa = PBXFrameworksBuildPhase;
			buildActionMask = 2147483647;
			files = (
				5666CCF4EA58360B23627491 /* Pods_NewsApp.framework in Frameworks */,
			);
			runOnlyForDeploymentPostprocessing = 0;
		};
/* End PBXFrameworksBuildPhase section */

/* Begin PBXGroup section */
		B25E187E3CDA3E9400C41349 /* Feed */ = {
			isa = PBXGroup;
			children = (
				B24EA894263428ED0012B20B /* FeedPage.swift */,
				B24EA89E26345EFA0012B20B /* CollectionReusableView.swift */,
				B25E187B3CDA3E9300C41349 /* FeedNewsCell.swift */,
			);
			path = Feed;
			sourceTree = "<group>";
		};
		B26A11742633554A00DB67E3 = {
			isa = PBXGroup;
			children = (
				B26A117F2633554A00DB67E3 /* NewsApp */,
				B26A117E2633554A00DB67E3 /* Products */,
				DE8FA967469B62776CDC5CDB /* Pods */,
				F5559B1F1BDAEEFE40EF5248 /* Frameworks */,
			);
			sourceTree = "<group>";
		};
		B26A117E2633554A00DB67E3 /* Products */ = {
			isa = PBXGroup;
			children = (
				B26A117D2633554A00DB67E3 /* NewsApp.app */,
			);
			name = Products;
			sourceTree = "<group>";
		};
		B26A117F2633554A00DB67E3 /* NewsApp */ = {
			isa = PBXGroup;
			children = (
				B26A119E26337AE200DB67E3 /* Views */,
				B26A11802633554A00DB67E3 /* AppDelegate.swift */,
				B26A11822633554A00DB67E3 /* SceneDelegate.swift */,
				B26A11892633554C00DB67E3 /* Assets.xcassets */,
				B26A118B2633554C00DB67E3 /* LaunchScreen.storyboard */,
				B26A118E2633554C00DB67E3 /* Info.plist */,
			);
			path = NewsApp;
			sourceTree = "<group>";
		};
		B26A119E26337AE200DB67E3 /* Views */ = {
			isa = PBXGroup;
			children = (
				B26A11842633554A00DB67E3 /* TabBarController.swift */,
				B2F2A11726475138007C3C7A /* cellFullScreen.swift */,
				B29CE4162649461700C0EFD6 /* Page.swift */,
				B25E187E3CDA3E9400C41349 /* Feed */,
				B24EA8972634291F0012B20B /* CategorizePage.swift */,
				B24EA89A2634294C0012B20B /* UserPage.swift */,
				B2D5A2E1264C9E6000940A61 /* MainPage.swift */,
			);
			path = Views;
			sourceTree = "<group>";
		};
		DE8FA967469B62776CDC5CDB /* Pods */ = {
			isa = PBXGroup;
			children = (
				986933EF0D5605ECB3655328 /* Pods-NewsApp.debug.xcconfig */,
				E0D3DD246FD7BF966A6A9D61 /* Pods-NewsApp.release.xcconfig */,
			);
			path = Pods;
			sourceTree = "<group>";
		};
		F5559B1F1BDAEEFE40EF5248 /* Frameworks */ = {
			isa = PBXGroup;
			children = (
				454977BADBB1EADD309D678D /* Pods_NewsApp.framework */,
			);
			name = Frameworks;
			sourceTree = "<group>";
		};
/* End PBXGroup section */

/* Begin PBXNativeTarget section */
		B26A117C2633554A00DB67E3 /* NewsApp */ = {
			isa = PBXNativeTarget;
			buildConfigurationList = B26A11912633554C00DB67E3 /* Build configuration list for PBXNativeTarget "NewsApp" */;
			buildPhases = (
				7DD97272C160266E4C5098EE /* [CP] Check Pods Manifest.lock */,
				B26A11792633554A00DB67E3 /* Sources */,
				B26A117A2633554A00DB67E3 /* Frameworks */,
				B26A117B2633554A00DB67E3 /* Resources */,
				220B2D77D3A9FF8C03BACB30 /* [CP] Embed Pods Frameworks */,
			);
			buildRules = (
			);
			dependencies = (
			);
			name = NewsApp;
			productName = NewsApp;
			productReference = B26A117D2633554A00DB67E3 /* NewsApp.app */;
			productType = "com.apple.product-type.application";
		};
/* End PBXNativeTarget section */

/* Begin PBXProject section */
		B26A11752633554A00DB67E3 /* Project object */ = {
			isa = PBXProject;
			attributes = {
				LastSwiftUpdateCheck = 1240;
				LastUpgradeCheck = 1240;
				TargetAttributes = {
					B26A117C2633554A00DB67E3 = {
						CreatedOnToolsVersion = 12.4;
					};
				};
			};
			buildConfigurationList = B26A11782633554A00DB67E3 /* Build configuration list for PBXProject "NewsApp" */;
			compatibilityVersion = "Xcode 9.3";
			developmentRegion = en;
			hasScannedForEncodings = 0;
			knownRegions = (
				en,
				Base,
			);
			mainGroup = B26A11742633554A00DB67E3;
			productRefGroup = B26A117E2633554A00DB67E3 /* Products */;
			projectDirPath = "";
			projectRoot = "";
			targets = (
				B26A117C2633554A00DB67E3 /* NewsApp */,
			);
		};
/* End PBXProject section */

/* Begin PBXResourcesBuildPhase section */
		B26A117B2633554A00DB67E3 /* Resources */ = {
			isa = PBXResourcesBuildPhase;
			buildActionMask = 2147483647;
			files = (
				B26A118D2633554C00DB67E3 /* LaunchScreen.storyboard in Resources */,
				B26A118A2633554C00DB67E3 /* Assets.xcassets in Resources */,
			);
			runOnlyForDeploymentPostprocessing = 0;
		};
/* End PBXResourcesBuildPhase section */

/* Begin PBXShellScriptBuildPhase section */
		220B2D77D3A9FF8C03BACB30 /* [CP] Embed Pods Frameworks */ = {
			isa = PBXShellScriptBuildPhase;
			buildActionMask = 2147483647;
			files = (
			);
			inputFileListPaths = (
				"${PODS_ROOT}/Target Support Files/Pods-NewsApp/Pods-NewsApp-frameworks-${CONFIGURATION}-input-files.xcfilelist",
			);
			name = "[CP] Embed Pods Frameworks";
			outputFileListPaths = (
				"${PODS_ROOT}/Target Support Files/Pods-NewsApp/Pods-NewsApp-frameworks-${CONFIGURATION}-output-files.xcfilelist",
			);
			runOnlyForDeploymentPostprocessing = 0;
			shellPath = /bin/sh;
			shellScript = "\"${PODS_ROOT}/Target Support Files/Pods-NewsApp/Pods-NewsApp-frameworks.sh\"\n";
			showEnvVarsInLog = 0;
		};
		7DD97272C160266E4C5098EE /* [CP] Check Pods Manifest.lock */ = {
			isa = PBXShellScriptBuildPhase;
			buildActionMask = 2147483647;
			files = (
			);
			inputFileListPaths = (
			);
			inputPaths = (
				"${PODS_PODFILE_DIR_PATH}/Podfile.lock",
				"${PODS_ROOT}/Manifest.lock",
			);
			name = "[CP] Check Pods Manifest.lock";
			outputFileListPaths = (
			);
			outputPaths = (
				"$(DERIVED_FILE_DIR)/Pods-NewsApp-checkManifestLockResult.txt",
			);
			runOnlyForDeploymentPostprocessing = 0;
			shellPath = /bin/sh;
			shellScript = "diff \"${PODS_PODFILE_DIR_PATH}/Podfile.lock\" \"${PODS_ROOT}/Manifest.lock\" > /dev/null\nif [ $? != 0 ] ; then\n    # print error to STDERR\n    echo \"error: The sandbox is not in sync with the Podfile.lock. Run 'pod install' or update your CocoaPods installation.\" >&2\n    exit 1\nfi\n# This output is used by Xcode 'outputs' to avoid re-running this script phase.\necho \"SUCCESS\" > \"${SCRIPT_OUTPUT_FILE_0}\"\n";
			showEnvVarsInLog = 0;
		};
/* End PBXShellScriptBuildPhase section */

/* Begin PBXSourcesBuildPhase section */
		B26A11792633554A00DB67E3 /* Sources */ = {
			isa = PBXSourcesBuildPhase;
			buildActionMask = 2147483647;
			files = (
				B24EA89F26345EFA0012B20B /* CollectionReusableView.swift in Sources */,
				B26A11852633554A00DB67E3 /* TabBarController.swift in Sources */,
				B24EA8982634291F0012B20B /* CategorizePage.swift in Sources */,
				B2D5A2E2264C9E6000940A61 /* MainPage.swift in Sources */,
				B26A11812633554A00DB67E3 /* AppDelegate.swift in Sources */,
				B29CE4172649461700C0EFD6 /* Page.swift in Sources */,
				B24EA895263428ED0012B20B /* FeedPage.swift in Sources */,
				B26A11832633554A00DB67E3 /* SceneDelegate.swift in Sources */,
				B25E187C3CDA3E9300C41349 /* FeedNewsCell.swift in Sources */,
				B2F2A11826475138007C3C7A /* cellFullScreen.swift in Sources */,
				B24EA89B2634294C0012B20B /* UserPage.swift in Sources */,
			);
			runOnlyForDeploymentPostprocessing = 0;
		};
/* End PBXSourcesBuildPhase section */

/* Begin PBXVariantGroup section */
		B26A118B2633554C00DB67E3 /* LaunchScreen.storyboard */ = {
			isa = PBXVariantGroup;
			children = (
				B26A118C2633554C00DB67E3 /* Base */,
			);
			name = LaunchScreen.storyboard;
			sourceTree = "<group>";
		};
/* End PBXVariantGroup section */

/* Begin XCBuildConfiguration section */
		B26A118F2633554C00DB67E3 /* Debug */ = {
			isa = XCBuildConfiguration;
			buildSettings = {
				ALWAYS_SEARCH_USER_PATHS = NO;
				CLANG_ANALYZER_NONNULL = YES;
				CLANG_ANALYZER_NUMBER_OBJECT_CONVERSION = YES_AGGRESSIVE;
				CLANG_CXX_LANGUAGE_STANDARD = "gnu++14";
				CLANG_CXX_LIBRARY = "libc++";
				CLANG_ENABLE_MODULES = YES;
				CLANG_ENABLE_OBJC_ARC = YES;
				CLANG_ENABLE_OBJC_WEAK = YES;
				CLANG_WARN_BLOCK_CAPTURE_AUTORELEASING = YES;
				CLANG_WARN_BOOL_CONVERSION = YES;
				CLANG_WARN_COMMA = YES;
				CLANG_WARN_CONSTANT_CONVERSION = YES;
				CLANG_WARN_DEPRECATED_OBJC_IMPLEMENTATIONS = YES;
				CLANG_WARN_DIRECT_OBJC_ISA_USAGE = YES_ERROR;
				CLANG_WARN_DOCUMENTATION_COMMENTS = YES;
				CLANG_WARN_EMPTY_BODY = YES;
				CLANG_WARN_ENUM_CONVERSION = YES;
				CLANG_WARN_INFINITE_RECURSION = YES;
				CLANG_WARN_INT_CONVERSION = YES;
				CLANG_WARN_NON_LITERAL_NULL_CONVERSION = YES;
				CLANG_WARN_OBJC_IMPLICIT_RETAIN_SELF = YES;
				CLANG_WARN_OBJC_LITERAL_CONVERSION = YES;
				CLANG_WARN_OBJC_ROOT_CLASS = YES_ERROR;
				CLANG_WARN_QUOTED_INCLUDE_IN_FRAMEWORK_HEADER = YES;
				CLANG_WARN_RANGE_LOOP_ANALYSIS = YES;
				CLANG_WARN_STRICT_PROTOTYPES = YES;
				CLANG_WARN_SUSPICIOUS_MOVE = YES;
				CLANG_WARN_UNGUARDED_AVAILABILITY = YES_AGGRESSIVE;
				CLANG_WARN_UNREACHABLE_CODE = YES;
				CLANG_WARN__DUPLICATE_METHOD_MATCH = YES;
				COPY_PHASE_STRIP = NO;
				DEBUG_INFORMATION_FORMAT = dwarf;
				ENABLE_STRICT_OBJC_MSGSEND = YES;
				ENABLE_TESTABILITY = YES;
				GCC_C_LANGUAGE_STANDARD = gnu11;
				GCC_DYNAMIC_NO_PIC = NO;
				GCC_NO_COMMON_BLOCKS = YES;
				GCC_OPTIMIZATION_LEVEL = 0;
				GCC_PREPROCESSOR_DEFINITIONS = (
					"DEBUG=1",
					"$(inherited)",
				);
				GCC_WARN_64_TO_32_BIT_CONVERSION = YES;
				GCC_WARN_ABOUT_RETURN_TYPE = YES_ERROR;
				GCC_WARN_UNDECLARED_SELECTOR = YES;
				GCC_WARN_UNINITIALIZED_AUTOS = YES_AGGRESSIVE;
				GCC_WARN_UNUSED_FUNCTION = YES;
				GCC_WARN_UNUSED_VARIABLE = YES;
				IPHONEOS_DEPLOYMENT_TARGET = 14.4;
				MTL_ENABLE_DEBUG_INFO = INCLUDE_SOURCE;
				MTL_FAST_MATH = YES;
				ONLY_ACTIVE_ARCH = YES;
				SDKROOT = iphoneos;
				SWIFT_ACTIVE_COMPILATION_CONDITIONS = DEBUG;
				SWIFT_OPTIMIZATION_LEVEL = "-Onone";
			};
			name = Debug;
		};
		B26A11902633554C00DB67E3 /* Release */ = {
			isa = XCBuildConfiguration;
			buildSettings = {
				ALWAYS_SEARCH_USER_PATHS = NO;
				CLANG_ANALYZER_NONNULL = YES;
				CLANG_ANALYZER_NUMBER_OBJECT_CONVERSION = YES_AGGRESSIVE;
				CLANG_CXX_LANGUAGE_STANDARD = "gnu++14";
				CLANG_CXX_LIBRARY = "libc++";
				CLANG_ENABLE_MODULES = YES;
				CLANG_ENABLE_OBJC_ARC = YES;
				CLANG_ENABLE_OBJC_WEAK = YES;
				CLANG_WARN_BLOCK_CAPTURE_AUTORELEASING = YES;
				CLANG_WARN_BOOL_CONVERSION = YES;
				CLANG_WARN_COMMA = YES;
				CLANG_WARN_CONSTANT_CONVERSION = YES;
				CLANG_WARN_DEPRECATED_OBJC_IMPLEMENTATIONS = YES;
				CLANG_WARN_DIRECT_OBJC_ISA_USAGE = YES_ERROR;
				CLANG_WARN_DOCUMENTATION_COMMENTS = YES;
				CLANG_WARN_EMPTY_BODY = YES;
				CLANG_WARN_ENUM_CONVERSION = YES;
				CLANG_WARN_INFINITE_RECURSION = YES;
				CLANG_WARN_INT_CONVERSION = YES;
				CLANG_WARN_NON_LITERAL_NULL_CONVERSION = YES;
				CLANG_WARN_OBJC_IMPLICIT_RETAIN_SELF = YES;
				CLANG_WARN_OBJC_LITERAL_CONVERSION = YES;
				CLANG_WARN_OBJC_ROOT_CLASS = YES_ERROR;
				CLANG_WARN_QUOTED_INCLUDE_IN_FRAMEWORK_HEADER = YES;
				CLANG_WARN_RANGE_LOOP_ANALYSIS = YES;
				CLANG_WARN_STRICT_PROTOTYPES = YES;
				CLANG_WARN_SUSPICIOUS_MOVE = YES;
				CLANG_WARN_UNGUARDED_AVAILABILITY = YES_AGGRESSIVE;
				CLANG_WARN_UNREACHABLE_CODE = YES;
				CLANG_WARN__DUPLICATE_METHOD_MATCH = YES;
				COPY_PHASE_STRIP = NO;
				DEBUG_INFORMATION_FORMAT = "dwarf-with-dsym";
				ENABLE_NS_ASSERTIONS = NO;
				ENABLE_STRICT_OBJC_MSGSEND = YES;
				GCC_C_LANGUAGE_STANDARD = gnu11;
				GCC_NO_COMMON_BLOCKS = YES;
				GCC_WARN_64_TO_32_BIT_CONVERSION = YES;
				GCC_WARN_ABOUT_RETURN_TYPE = YES_ERROR;
				GCC_WARN_UNDECLARED_SELECTOR = YES;
				GCC_WARN_UNINITIALIZED_AUTOS = YES_AGGRESSIVE;
				GCC_WARN_UNUSED_FUNCTION = YES;
				GCC_WARN_UNUSED_VARIABLE = YES;
				IPHONEOS_DEPLOYMENT_TARGET = 14.4;
				MTL_ENABLE_DEBUG_INFO = NO;
				MTL_FAST_MATH = YES;
				SDKROOT = iphoneos;
				SWIFT_COMPILATION_MODE = wholemodule;
				SWIFT_OPTIMIZATION_LEVEL = "-O";
				VALIDATE_PRODUCT = YES;
			};
			name = Release;
		};
		B26A11922633554C00DB67E3 /* Debug */ = {
			isa = XCBuildConfiguration;
			baseConfigurationReference = 986933EF0D5605ECB3655328 /* Pods-NewsApp.debug.xcconfig */;
			buildSettings = {
				ASSETCATALOG_COMPILER_APPICON_NAME = AppIcon;
				ASSETCATALOG_COMPILER_GLOBAL_ACCENT_COLOR_NAME = AccentColor;
				CODE_SIGN_STYLE = Automatic;
				DEVELOPMENT_TEAM = SJJ8DXY36Z;
				INFOPLIST_FILE = NewsApp/Info.plist;
				LD_RUNPATH_SEARCH_PATHS = (
					"$(inherited)",
					"@executable_path/Frameworks",
				);
				PRODUCT_BUNDLE_IDENTIFIER = com.bedirhanturhan.NewsApp;
				PRODUCT_NAME = "$(TARGET_NAME)";
				SWIFT_VERSION = 5.0;
				TARGETED_DEVICE_FAMILY = "1,2";
			};
			name = Debug;
		};
		B26A11932633554C00DB67E3 /* Release */ = {
			isa = XCBuildConfiguration;
			baseConfigurationReference = E0D3DD246FD7BF966A6A9D61 /* Pods-NewsApp.release.xcconfig */;
			buildSettings = {
				ASSETCATALOG_COMPILER_APPICON_NAME = AppIcon;
				ASSETCATALOG_COMPILER_GLOBAL_ACCENT_COLOR_NAME = AccentColor;
				CODE_SIGN_STYLE = Automatic;
				DEVELOPMENT_TEAM = SJJ8DXY36Z;
				INFOPLIST_FILE = NewsApp/Info.plist;
				LD_RUNPATH_SEARCH_PATHS = (
					"$(inherited)",
					"@executable_path/Frameworks",
				);
				PRODUCT_BUNDLE_IDENTIFIER = com.bedirhanturhan.NewsApp;
				PRODUCT_NAME = "$(TARGET_NAME)";
				SWIFT_VERSION = 5.0;
				TARGETED_DEVICE_FAMILY = "1,2";
			};
			name = Release;
		};
/* End XCBuildConfiguration section */

/* Begin XCConfigurationList section */
		B26A11782633554A00DB67E3 /* Build configuration list for PBXProject "NewsApp" */ = {
			isa = XCConfigurationList;
			buildConfigurations = (
				B26A118F2633554C00DB67E3 /* Debug */,
				B26A11902633554C00DB67E3 /* Release */,
			);
			defaultConfigurationIsVisible = 0;
			defaultConfigurationName = Release;
		};
		B26A11912633554C00DB67E3 /* Build configuration list for PBXNativeTarget "NewsApp" */ = {
			isa = XCConfigurationList;
			buildConfigurations = (
				B26A11922633554C00DB67E3 /* Debug */,
				B26A11932633554C00DB67E3 /* Release */,
			);
			defaultConfigurationIsVisible = 0;
			defaultConfigurationName = Release;
		};
/* End XCConfigurationList section */
	};
	rootObject = B26A11752633554A00DB67E3 /* Project object */;
}
