// !$*UTF8*$!
{
	archiveVersion = 1;
	classes = {
	};
	objectVersion = 51;
	objects = {

/* Begin PBXBuildFile section */
		23D249E4D1F847B6045D9311 /* Pods_NewsAppTests.framework in Frameworks */ = {isa = PBXBuildFile; fileRef = 85F7C30B145BAD13E71EF3E2 /* Pods_NewsAppTests.framework */; };
		7DC8313915D1C557AEA98868 /* Pods_NewsApp.framework in Frameworks */ = {isa = PBXBuildFile; fileRef = 9C2A50AA3CCE614772166479 /* Pods_NewsApp.framework */; };
		B2656E8B26C68A14001232F4 /* NewsDetailViewController.swift in Sources */ = {isa = PBXBuildFile; fileRef = B2656E8A26C68A14001232F4 /* NewsDetailViewController.swift */; };
		B299594F26BC432300FA3A0B /* CategoryMainCell.swift in Sources */ = {isa = PBXBuildFile; fileRef = B299594E26BC432300FA3A0B /* CategoryMainCell.swift */; };
		B299595126BC434A00FA3A0B /* CategoryOtherCell.swift in Sources */ = {isa = PBXBuildFile; fileRef = B299595026BC434A00FA3A0B /* CategoryOtherCell.swift */; };
		B299AC98267A18AE00489FEC /* NewsAppTests.swift in Sources */ = {isa = PBXBuildFile; fileRef = B299AC97267A18AE00489FEC /* NewsAppTests.swift */; };
		B299ACA1267A199C00489FEC /* Decoders.swift in Sources */ = {isa = PBXBuildFile; fileRef = B299ACA0267A199C00489FEC /* Decoders.swift */; };
		B299ACA4267A214300489FEC /* news.json in Resources */ = {isa = PBXBuildFile; fileRef = B299ACA3267A214300489FEC /* news.json */; };
		B29FC3BF269EAFCF00051D4E /* Displayable.swift in Sources */ = {isa = PBXBuildFile; fileRef = B29FC3BE269EAFCF00051D4E /* Displayable.swift */; };
		B2A2DF41268E4275009BE3B6 /* SearchPage.swift in Sources */ = {isa = PBXBuildFile; fileRef = B2A2DF40268E4275009BE3B6 /* SearchPage.swift */; };
		B2BDD7AA2741660D009C7084 /* HomeCollectionViewCell.swift in Sources */ = {isa = PBXBuildFile; fileRef = B2BDD7A92741660D009C7084 /* HomeCollectionViewCell.swift */; };
		B2BDD7AC27416BF8009C7084 /* HomePageHeader.swift in Sources */ = {isa = PBXBuildFile; fileRef = B2BDD7AB27416BF8009C7084 /* HomePageHeader.swift */; };
		B2D2FCAD267E74D700DD25E1 /* TabbarController.swift in Sources */ = {isa = PBXBuildFile; fileRef = B2D2FCAC267E74D700DD25E1 /* TabbarController.swift */; };
		B2D5374B268400E7009BBB1B /* CategoriesViewController.swift in Sources */ = {isa = PBXBuildFile; fileRef = B2D5374A268400E7009BBB1B /* CategoriesViewController.swift */; };
		B2D958FC266699FB00A9FD81 /* AppDelegate.swift in Sources */ = {isa = PBXBuildFile; fileRef = B2D958FB266699FB00A9FD81 /* AppDelegate.swift */; };
		B2D958FE266699FB00A9FD81 /* SceneDelegate.swift in Sources */ = {isa = PBXBuildFile; fileRef = B2D958FD266699FB00A9FD81 /* SceneDelegate.swift */; };
		B2D95905266699FB00A9FD81 /* Assets.xcassets in Resources */ = {isa = PBXBuildFile; fileRef = B2D95904266699FB00A9FD81 /* Assets.xcassets */; };
		B2D95908266699FB00A9FD81 /* LaunchScreen.storyboard in Resources */ = {isa = PBXBuildFile; fileRef = B2D95906266699FB00A9FD81 /* LaunchScreen.storyboard */; };
		B2F420B726C5930400643479 /* CategoryResultCell.swift in Sources */ = {isa = PBXBuildFile; fileRef = B2F420B626C5930400643479 /* CategoryResultCell.swift */; };
		FE277E682871845500CA0CC8 /* NewsDetailViewModel.swift in Sources */ = {isa = PBXBuildFile; fileRef = FE277E672871845500CA0CC8 /* NewsDetailViewModel.swift */; };
		FE277E6A2871847700CA0CC8 /* NewsDetailBuilder.swift in Sources */ = {isa = PBXBuildFile; fileRef = FE277E692871847700CA0CC8 /* NewsDetailBuilder.swift */; };
		FE277E6C2871848B00CA0CC8 /* NewsDetailConstracts.swift in Sources */ = {isa = PBXBuildFile; fileRef = FE277E6B2871848B00CA0CC8 /* NewsDetailConstracts.swift */; };
		FE277E732872291100CA0CC8 /* CategoriesBuilder.swift in Sources */ = {isa = PBXBuildFile; fileRef = FE277E722872291100CA0CC8 /* CategoriesBuilder.swift */; };
		FE277E7528722AE400CA0CC8 /* CategoriesPresentations.swift in Sources */ = {isa = PBXBuildFile; fileRef = FE277E7428722AE400CA0CC8 /* CategoriesPresentations.swift */; };
		FE277E77287234C800CA0CC8 /* HomeBuilder.swift in Sources */ = {isa = PBXBuildFile; fileRef = FE277E76287234C800CA0CC8 /* HomeBuilder.swift */; };
		FE2D8632287EC03800A49580 /* AppContainer.swift in Sources */ = {isa = PBXBuildFile; fileRef = FE2D8631287EC03800A49580 /* AppContainer.swift */; };
		FE3A86C4286B150500E02514 /* AlertExtension.swift in Sources */ = {isa = PBXBuildFile; fileRef = FE3A86C3286B150500E02514 /* AlertExtension.swift */; };
		FE3A86C9286B386800E02514 /* CategoriesViewModel.swift in Sources */ = {isa = PBXBuildFile; fileRef = FE3A86C8286B386800E02514 /* CategoriesViewModel.swift */; };
		FE3A86CB286B387C00E02514 /* CategoriesConstract.swift in Sources */ = {isa = PBXBuildFile; fileRef = FE3A86CA286B387C00E02514 /* CategoriesConstract.swift */; };
		FE5DD1D0288458EB0021093C /* SourcesRequest.swift in Sources */ = {isa = PBXBuildFile; fileRef = FE5DD1CF288458EB0021093C /* SourcesRequest.swift */; };
		FE6BFBE3287D5F510000AF27 /* DataRequest.swift in Sources */ = {isa = PBXBuildFile; fileRef = FE6BFBE2287D5F510000AF27 /* DataRequest.swift */; };
		FE6BFBE5287D8F140000AF27 /* NewNewsService.swift in Sources */ = {isa = PBXBuildFile; fileRef = FE6BFBE4287D8F140000AF27 /* NewNewsService.swift */; };
		FE6BFBE8287D91AE0000AF27 /* THNewsRequest.swift in Sources */ = {isa = PBXBuildFile; fileRef = FE6BFBE7287D91AE0000AF27 /* THNewsRequest.swift */; };
		FE8B148A2869BDE900980C9A /* APISettings.swift in Sources */ = {isa = PBXBuildFile; fileRef = FE8B14892869BDE900980C9A /* APISettings.swift */; };
		FE8B148E2869BEAF00980C9A /* HomeViewController.swift in Sources */ = {isa = PBXBuildFile; fileRef = FE8B148D2869BEAF00980C9A /* HomeViewController.swift */; };
		FE8B14902869BEB900980C9A /* HomeViewModel.swift in Sources */ = {isa = PBXBuildFile; fileRef = FE8B148F2869BEB900980C9A /* HomeViewModel.swift */; };
		FE8B14922869BEFA00980C9A /* HomeContracts.swift in Sources */ = {isa = PBXBuildFile; fileRef = FE8B14912869BEFA00980C9A /* HomeContracts.swift */; };
		FE8B14992869C74700980C9A /* EndPointType.swift in Sources */ = {isa = PBXBuildFile; fileRef = FE8B14982869C74700980C9A /* EndPointType.swift */; };
		FE8B149D2869C78900980C9A /* APIErrors.swift in Sources */ = {isa = PBXBuildFile; fileRef = FE8B149C2869C78900980C9A /* APIErrors.swift */; };
		FE8B14A12869CA0400980C9A /* THCategories.swift in Sources */ = {isa = PBXBuildFile; fileRef = FE8B14A02869CA0400980C9A /* THCategories.swift */; };
		FE8B14A52869CE3400980C9A /* ERequest.swift in Sources */ = {isa = PBXBuildFile; fileRef = FE8B14A42869CE3400980C9A /* ERequest.swift */; };
		FE8B14A72869CEEA00980C9A /* Constants.swift in Sources */ = {isa = PBXBuildFile; fileRef = FE8B14A62869CEEA00980C9A /* Constants.swift */; };
		FE8B14AB2869D13200980C9A /* EArticleModel.swift in Sources */ = {isa = PBXBuildFile; fileRef = FE8B14AA2869D13200980C9A /* EArticleModel.swift */; };
		FE8B14AD2869D14600980C9A /* ENewsModel.swift in Sources */ = {isa = PBXBuildFile; fileRef = FE8B14AC2869D14600980C9A /* ENewsModel.swift */; };
		FE8B14AF2869D16000980C9A /* ESourceModel.swift in Sources */ = {isa = PBXBuildFile; fileRef = FE8B14AE2869D16000980C9A /* ESourceModel.swift */; };
		FE8B14B22869DFF000980C9A /* Sources.swift in Sources */ = {isa = PBXBuildFile; fileRef = FE8B14B12869DFF000980C9A /* Sources.swift */; };
		FE8B14B42869E24C00980C9A /* SourcesModel.swift in Sources */ = {isa = PBXBuildFile; fileRef = FE8B14B32869E24C00980C9A /* SourcesModel.swift */; };
		FE8B14B92869E29000980C9A /* THArticleModel.swift in Sources */ = {isa = PBXBuildFile; fileRef = FE8B14B82869E29000980C9A /* THArticleModel.swift */; };
		FE8B14BB2869E29E00980C9A /* THNewsModel.swift in Sources */ = {isa = PBXBuildFile; fileRef = FE8B14BA2869E29E00980C9A /* THNewsModel.swift */; };
		FE8B14BD2869E2AC00980C9A /* THSourceModel.swift in Sources */ = {isa = PBXBuildFile; fileRef = FE8B14BC2869E2AC00980C9A /* THSourceModel.swift */; };
		FEB05E302870799F00E68040 /* CategoryResultViewController.swift in Sources */ = {isa = PBXBuildFile; fileRef = FEB05E2F2870799F00E68040 /* CategoryResultViewController.swift */; };
		FEB05E32287081D400E68040 /* CategoryResultConstracts.swift in Sources */ = {isa = PBXBuildFile; fileRef = FEB05E31287081D400E68040 /* CategoryResultConstracts.swift */; };
		FEB05E34287082CE00E68040 /* CategoryResultViewModel.swift in Sources */ = {isa = PBXBuildFile; fileRef = FEB05E33287082CE00E68040 /* CategoryResultViewModel.swift */; };
		FEB05E39287089AA00E68040 /* CategoryResultBuilder.swift in Sources */ = {isa = PBXBuildFile; fileRef = FEB05E38287089AA00E68040 /* CategoryResultBuilder.swift */; };
		FEB05E3D2870B3FB00E68040 /* NewsPresentation.swift in Sources */ = {isa = PBXBuildFile; fileRef = FEB05E3C2870B3FB00E68040 /* NewsPresentation.swift */; };
		FEDA855328A8FD1E00407B59 /* SearchViewController.swift in Sources */ = {isa = PBXBuildFile; fileRef = FEDA855228A8FD1E00407B59 /* SearchViewController.swift */; };
		FEDA855528A8FD2700407B59 /* SearchViewModel.swift in Sources */ = {isa = PBXBuildFile; fileRef = FEDA855428A8FD2700407B59 /* SearchViewModel.swift */; };
		FEDA855728A8FD3400407B59 /* SearchContracts.swift in Sources */ = {isa = PBXBuildFile; fileRef = FEDA855628A8FD3400407B59 /* SearchContracts.swift */; };
		FEDA855928A9035600407B59 /* SearchPageBuilder.swift in Sources */ = {isa = PBXBuildFile; fileRef = FEDA855828A9035600407B59 /* SearchPageBuilder.swift */; };
		FEDA855B28A96DE300407B59 /* NewsWithSourcesRequest.swift in Sources */ = {isa = PBXBuildFile; fileRef = FEDA855A28A96DE300407B59 /* NewsWithSourcesRequest.swift */; };
/* End PBXBuildFile section */

/* Begin PBXContainerItemProxy section */
		B299AC9A267A18AE00489FEC /* PBXContainerItemProxy */ = {
			isa = PBXContainerItemProxy;
			containerPortal = B2D958F0266699FB00A9FD81 /* Project object */;
			proxyType = 1;
			remoteGlobalIDString = B2D958F7266699FB00A9FD81;
			remoteInfo = NewsApp;
		};
/* End PBXContainerItemProxy section */

/* Begin PBXFileReference section */
		85F7C30B145BAD13E71EF3E2 /* Pods_NewsAppTests.framework */ = {isa = PBXFileReference; explicitFileType = wrapper.framework; includeInIndex = 0; path = Pods_NewsAppTests.framework; sourceTree = BUILT_PRODUCTS_DIR; };
		9C2A50AA3CCE614772166479 /* Pods_NewsApp.framework */ = {isa = PBXFileReference; explicitFileType = wrapper.framework; includeInIndex = 0; path = Pods_NewsApp.framework; sourceTree = BUILT_PRODUCTS_DIR; };
		B2656E8A26C68A14001232F4 /* NewsDetailViewController.swift */ = {isa = PBXFileReference; lastKnownFileType = sourcecode.swift; path = NewsDetailViewController.swift; sourceTree = "<group>"; };
		B299594E26BC432300FA3A0B /* CategoryMainCell.swift */ = {isa = PBXFileReference; lastKnownFileType = sourcecode.swift; path = CategoryMainCell.swift; sourceTree = "<group>"; };
		B299595026BC434A00FA3A0B /* CategoryOtherCell.swift */ = {isa = PBXFileReference; lastKnownFileType = sourcecode.swift; path = CategoryOtherCell.swift; sourceTree = "<group>"; };
		B299AC95267A18AE00489FEC /* NewsAppTests.xctest */ = {isa = PBXFileReference; explicitFileType = wrapper.cfbundle; includeInIndex = 0; path = NewsAppTests.xctest; sourceTree = BUILT_PRODUCTS_DIR; };
		B299AC97267A18AE00489FEC /* NewsAppTests.swift */ = {isa = PBXFileReference; lastKnownFileType = sourcecode.swift; path = NewsAppTests.swift; sourceTree = "<group>"; };
		B299AC99267A18AE00489FEC /* Info.plist */ = {isa = PBXFileReference; lastKnownFileType = text.plist.xml; path = Info.plist; sourceTree = "<group>"; };
		B299ACA0267A199C00489FEC /* Decoders.swift */ = {isa = PBXFileReference; lastKnownFileType = sourcecode.swift; path = Decoders.swift; sourceTree = "<group>"; };
		B299ACA3267A214300489FEC /* news.json */ = {isa = PBXFileReference; lastKnownFileType = text.json; path = news.json; sourceTree = "<group>"; };
		B29FC3BE269EAFCF00051D4E /* Displayable.swift */ = {isa = PBXFileReference; lastKnownFileType = sourcecode.swift; path = Displayable.swift; sourceTree = "<group>"; };
		B2A2DF40268E4275009BE3B6 /* SearchPage.swift */ = {isa = PBXFileReference; lastKnownFileType = sourcecode.swift; path = SearchPage.swift; sourceTree = "<group>"; };
		B2BDD7A92741660D009C7084 /* HomeCollectionViewCell.swift */ = {isa = PBXFileReference; lastKnownFileType = sourcecode.swift; path = HomeCollectionViewCell.swift; sourceTree = "<group>"; };
		B2BDD7AB27416BF8009C7084 /* HomePageHeader.swift */ = {isa = PBXFileReference; lastKnownFileType = sourcecode.swift; path = HomePageHeader.swift; sourceTree = "<group>"; };
		B2D2FCAC267E74D700DD25E1 /* TabbarController.swift */ = {isa = PBXFileReference; lastKnownFileType = sourcecode.swift; path = TabbarController.swift; sourceTree = "<group>"; };
		B2D5374A268400E7009BBB1B /* CategoriesViewController.swift */ = {isa = PBXFileReference; lastKnownFileType = sourcecode.swift; path = CategoriesViewController.swift; sourceTree = "<group>"; };
		B2D958F8266699FB00A9FD81 /* NewsApp.app */ = {isa = PBXFileReference; explicitFileType = wrapper.application; includeInIndex = 0; path = NewsApp.app; sourceTree = BUILT_PRODUCTS_DIR; };
		B2D958FB266699FB00A9FD81 /* AppDelegate.swift */ = {isa = PBXFileReference; lastKnownFileType = sourcecode.swift; path = AppDelegate.swift; sourceTree = "<group>"; };
		B2D958FD266699FB00A9FD81 /* SceneDelegate.swift */ = {isa = PBXFileReference; lastKnownFileType = sourcecode.swift; path = SceneDelegate.swift; sourceTree = "<group>"; };
		B2D95904266699FB00A9FD81 /* Assets.xcassets */ = {isa = PBXFileReference; lastKnownFileType = folder.assetcatalog; path = Assets.xcassets; sourceTree = "<group>"; };
		B2D95907266699FB00A9FD81 /* Base */ = {isa = PBXFileReference; lastKnownFileType = file.storyboard; name = Base; path = Base.lproj/LaunchScreen.storyboard; sourceTree = "<group>"; };
		B2D95909266699FB00A9FD81 /* Info.plist */ = {isa = PBXFileReference; lastKnownFileType = text.plist.xml; path = Info.plist; sourceTree = "<group>"; };
		B2F420B626C5930400643479 /* CategoryResultCell.swift */ = {isa = PBXFileReference; lastKnownFileType = sourcecode.swift; path = CategoryResultCell.swift; sourceTree = "<group>"; };
		CCAB4B788C20B5276EA6D7D8 /* Pods-NewsAppTests.debug.xcconfig */ = {isa = PBXFileReference; includeInIndex = 1; lastKnownFileType = text.xcconfig; name = "Pods-NewsAppTests.debug.xcconfig"; path = "Target Support Files/Pods-NewsAppTests/Pods-NewsAppTests.debug.xcconfig"; sourceTree = "<group>"; };
		D36CA60905091128D0327FAA /* Pods-NewsApp.release.xcconfig */ = {isa = PBXFileReference; includeInIndex = 1; lastKnownFileType = text.xcconfig; name = "Pods-NewsApp.release.xcconfig"; path = "Target Support Files/Pods-NewsApp/Pods-NewsApp.release.xcconfig"; sourceTree = "<group>"; };
		EBACA985E00650B9F7AD5F8C /* Pods-NewsApp.debug.xcconfig */ = {isa = PBXFileReference; includeInIndex = 1; lastKnownFileType = text.xcconfig; name = "Pods-NewsApp.debug.xcconfig"; path = "Target Support Files/Pods-NewsApp/Pods-NewsApp.debug.xcconfig"; sourceTree = "<group>"; };
		F7AF7C4B2EF4E0F5543C1C4A /* Pods-NewsAppTests.release.xcconfig */ = {isa = PBXFileReference; includeInIndex = 1; lastKnownFileType = text.xcconfig; name = "Pods-NewsAppTests.release.xcconfig"; path = "Target Support Files/Pods-NewsAppTests/Pods-NewsAppTests.release.xcconfig"; sourceTree = "<group>"; };
		FE277E672871845500CA0CC8 /* NewsDetailViewModel.swift */ = {isa = PBXFileReference; lastKnownFileType = sourcecode.swift; path = NewsDetailViewModel.swift; sourceTree = "<group>"; };
		FE277E692871847700CA0CC8 /* NewsDetailBuilder.swift */ = {isa = PBXFileReference; lastKnownFileType = sourcecode.swift; path = NewsDetailBuilder.swift; sourceTree = "<group>"; };
		FE277E6B2871848B00CA0CC8 /* NewsDetailConstracts.swift */ = {isa = PBXFileReference; lastKnownFileType = sourcecode.swift; path = NewsDetailConstracts.swift; sourceTree = "<group>"; };
		FE277E722872291100CA0CC8 /* CategoriesBuilder.swift */ = {isa = PBXFileReference; lastKnownFileType = sourcecode.swift; path = CategoriesBuilder.swift; sourceTree = "<group>"; };
		FE277E7428722AE400CA0CC8 /* CategoriesPresentations.swift */ = {isa = PBXFileReference; lastKnownFileType = sourcecode.swift; path = CategoriesPresentations.swift; sourceTree = "<group>"; };
		FE277E76287234C800CA0CC8 /* HomeBuilder.swift */ = {isa = PBXFileReference; lastKnownFileType = sourcecode.swift; path = HomeBuilder.swift; sourceTree = "<group>"; };
		FE2D8631287EC03800A49580 /* AppContainer.swift */ = {isa = PBXFileReference; lastKnownFileType = sourcecode.swift; path = AppContainer.swift; sourceTree = "<group>"; };
		FE3A86C3286B150500E02514 /* AlertExtension.swift */ = {isa = PBXFileReference; lastKnownFileType = sourcecode.swift; path = AlertExtension.swift; sourceTree = "<group>"; };
		FE3A86C8286B386800E02514 /* CategoriesViewModel.swift */ = {isa = PBXFileReference; lastKnownFileType = sourcecode.swift; path = CategoriesViewModel.swift; sourceTree = "<group>"; };
		FE3A86CA286B387C00E02514 /* CategoriesConstract.swift */ = {isa = PBXFileReference; lastKnownFileType = sourcecode.swift; path = CategoriesConstract.swift; sourceTree = "<group>"; };
		FE5DD1CF288458EB0021093C /* SourcesRequest.swift */ = {isa = PBXFileReference; lastKnownFileType = sourcecode.swift; path = SourcesRequest.swift; sourceTree = "<group>"; };
		FE6BFBE2287D5F510000AF27 /* DataRequest.swift */ = {isa = PBXFileReference; lastKnownFileType = sourcecode.swift; path = DataRequest.swift; sourceTree = "<group>"; };
		FE6BFBE4287D8F140000AF27 /* NewNewsService.swift */ = {isa = PBXFileReference; lastKnownFileType = sourcecode.swift; path = NewNewsService.swift; sourceTree = "<group>"; };
		FE6BFBE7287D91AE0000AF27 /* THNewsRequest.swift */ = {isa = PBXFileReference; lastKnownFileType = sourcecode.swift; path = THNewsRequest.swift; sourceTree = "<group>"; };
		FE8B14892869BDE900980C9A /* APISettings.swift */ = {isa = PBXFileReference; lastKnownFileType = sourcecode.swift; path = APISettings.swift; sourceTree = "<group>"; };
		FE8B148D2869BEAF00980C9A /* HomeViewController.swift */ = {isa = PBXFileReference; lastKnownFileType = sourcecode.swift; path = HomeViewController.swift; sourceTree = "<group>"; };
		FE8B148F2869BEB900980C9A /* HomeViewModel.swift */ = {isa = PBXFileReference; lastKnownFileType = sourcecode.swift; path = HomeViewModel.swift; sourceTree = "<group>"; };
		FE8B14912869BEFA00980C9A /* HomeContracts.swift */ = {isa = PBXFileReference; lastKnownFileType = sourcecode.swift; path = HomeContracts.swift; sourceTree = "<group>"; };
		FE8B14982869C74700980C9A /* EndPointType.swift */ = {isa = PBXFileReference; lastKnownFileType = sourcecode.swift; path = EndPointType.swift; sourceTree = "<group>"; };
		FE8B149C2869C78900980C9A /* APIErrors.swift */ = {isa = PBXFileReference; lastKnownFileType = sourcecode.swift; path = APIErrors.swift; sourceTree = "<group>"; };
		FE8B14A02869CA0400980C9A /* THCategories.swift */ = {isa = PBXFileReference; lastKnownFileType = sourcecode.swift; path = THCategories.swift; sourceTree = "<group>"; };
		FE8B14A42869CE3400980C9A /* ERequest.swift */ = {isa = PBXFileReference; lastKnownFileType = sourcecode.swift; path = ERequest.swift; sourceTree = "<group>"; };
		FE8B14A62869CEEA00980C9A /* Constants.swift */ = {isa = PBXFileReference; lastKnownFileType = sourcecode.swift; path = Constants.swift; sourceTree = "<group>"; };
		FE8B14AA2869D13200980C9A /* EArticleModel.swift */ = {isa = PBXFileReference; lastKnownFileType = sourcecode.swift; path = EArticleModel.swift; sourceTree = "<group>"; };
		FE8B14AC2869D14600980C9A /* ENewsModel.swift */ = {isa = PBXFileReference; lastKnownFileType = sourcecode.swift; path = ENewsModel.swift; sourceTree = "<group>"; };
		FE8B14AE2869D16000980C9A /* ESourceModel.swift */ = {isa = PBXFileReference; lastKnownFileType = sourcecode.swift; path = ESourceModel.swift; sourceTree = "<group>"; };
		FE8B14B12869DFF000980C9A /* Sources.swift */ = {isa = PBXFileReference; lastKnownFileType = sourcecode.swift; path = Sources.swift; sourceTree = "<group>"; };
		FE8B14B32869E24C00980C9A /* SourcesModel.swift */ = {isa = PBXFileReference; lastKnownFileType = sourcecode.swift; path = SourcesModel.swift; sourceTree = "<group>"; };
		FE8B14B82869E29000980C9A /* THArticleModel.swift */ = {isa = PBXFileReference; lastKnownFileType = sourcecode.swift; path = THArticleModel.swift; sourceTree = "<group>"; };
		FE8B14BA2869E29E00980C9A /* THNewsModel.swift */ = {isa = PBXFileReference; lastKnownFileType = sourcecode.swift; path = THNewsModel.swift; sourceTree = "<group>"; };
		FE8B14BC2869E2AC00980C9A /* THSourceModel.swift */ = {isa = PBXFileReference; lastKnownFileType = sourcecode.swift; path = THSourceModel.swift; sourceTree = "<group>"; };
		FEB05E2F2870799F00E68040 /* CategoryResultViewController.swift */ = {isa = PBXFileReference; lastKnownFileType = sourcecode.swift; path = CategoryResultViewController.swift; sourceTree = "<group>"; };
		FEB05E31287081D400E68040 /* CategoryResultConstracts.swift */ = {isa = PBXFileReference; lastKnownFileType = sourcecode.swift; path = CategoryResultConstracts.swift; sourceTree = "<group>"; };
		FEB05E33287082CE00E68040 /* CategoryResultViewModel.swift */ = {isa = PBXFileReference; lastKnownFileType = sourcecode.swift; path = CategoryResultViewModel.swift; sourceTree = "<group>"; };
		FEB05E38287089AA00E68040 /* CategoryResultBuilder.swift */ = {isa = PBXFileReference; lastKnownFileType = sourcecode.swift; path = CategoryResultBuilder.swift; sourceTree = "<group>"; };
		FEB05E3C2870B3FB00E68040 /* NewsPresentation.swift */ = {isa = PBXFileReference; lastKnownFileType = sourcecode.swift; path = NewsPresentation.swift; sourceTree = "<group>"; };
		FEDA855228A8FD1E00407B59 /* SearchViewController.swift */ = {isa = PBXFileReference; lastKnownFileType = sourcecode.swift; path = SearchViewController.swift; sourceTree = "<group>"; };
		FEDA855428A8FD2700407B59 /* SearchViewModel.swift */ = {isa = PBXFileReference; lastKnownFileType = sourcecode.swift; path = SearchViewModel.swift; sourceTree = "<group>"; };
		FEDA855628A8FD3400407B59 /* SearchContracts.swift */ = {isa = PBXFileReference; lastKnownFileType = sourcecode.swift; path = SearchContracts.swift; sourceTree = "<group>"; };
		FEDA855828A9035600407B59 /* SearchPageBuilder.swift */ = {isa = PBXFileReference; lastKnownFileType = sourcecode.swift; path = SearchPageBuilder.swift; sourceTree = "<group>"; };
		FEDA855A28A96DE300407B59 /* NewsWithSourcesRequest.swift */ = {isa = PBXFileReference; lastKnownFileType = sourcecode.swift; path = NewsWithSourcesRequest.swift; sourceTree = "<group>"; };
/* End PBXFileReference section */

/* Begin PBXFrameworksBuildPhase section */
		B299AC92267A18AE00489FEC /* Frameworks */ = {
			isa = PBXFrameworksBuildPhase;
			buildActionMask = 2147483647;
			files = (
				23D249E4D1F847B6045D9311 /* Pods_NewsAppTests.framework in Frameworks */,
			);
			runOnlyForDeploymentPostprocessing = 0;
		};
		B2D958F5266699FB00A9FD81 /* Frameworks */ = {
			isa = PBXFrameworksBuildPhase;
			buildActionMask = 2147483647;
			files = (
				7DC8313915D1C557AEA98868 /* Pods_NewsApp.framework in Frameworks */,
			);
			runOnlyForDeploymentPostprocessing = 0;
		};
/* End PBXFrameworksBuildPhase section */

/* Begin PBXGroup section */
		35B6F5C90EF295ABD5183222 /* Pods */ = {
			isa = PBXGroup;
			children = (
				EBACA985E00650B9F7AD5F8C /* Pods-NewsApp.debug.xcconfig */,
				D36CA60905091128D0327FAA /* Pods-NewsApp.release.xcconfig */,
				CCAB4B788C20B5276EA6D7D8 /* Pods-NewsAppTests.debug.xcconfig */,
				F7AF7C4B2EF4E0F5543C1C4A /* Pods-NewsAppTests.release.xcconfig */,
			);
			path = Pods;
			sourceTree = "<group>";
		};
		593246778294FE38B4BB8EA5 /* Frameworks */ = {
			isa = PBXGroup;
			children = (
				9C2A50AA3CCE614772166479 /* Pods_NewsApp.framework */,
				85F7C30B145BAD13E71EF3E2 /* Pods_NewsAppTests.framework */,
			);
			name = Frameworks;
			sourceTree = "<group>";
		};
		B21CB8262742571A00678EEA /* HomePage */ = {
			isa = PBXGroup;
			children = (
				FE8B148D2869BEAF00980C9A /* HomeViewController.swift */,
				FE8B148F2869BEB900980C9A /* HomeViewModel.swift */,
				FE8B14912869BEFA00980C9A /* HomeContracts.swift */,
				FE277E76287234C800CA0CC8 /* HomeBuilder.swift */,
			);
			path = HomePage;
			sourceTree = "<group>";
		};
		B2656E8C26C68B63001232F4 /* App */ = {
			isa = PBXGroup;
			children = (
				B2D958FD266699FB00A9FD81 /* SceneDelegate.swift */,
				B2D958FB266699FB00A9FD81 /* AppDelegate.swift */,
				FE2D8631287EC03800A49580 /* AppContainer.swift */,
			);
			path = App;
			sourceTree = "<group>";
		};
		B299594D26BC42C900FA3A0B /* CategoriesPage */ = {
			isa = PBXGroup;
			children = (
				B2D5374A268400E7009BBB1B /* CategoriesViewController.swift */,
				FE3A86C8286B386800E02514 /* CategoriesViewModel.swift */,
				FE3A86CA286B387C00E02514 /* CategoriesConstract.swift */,
				FE277E722872291100CA0CC8 /* CategoriesBuilder.swift */,
			);
			path = CategoriesPage;
			sourceTree = "<group>";
		};
		B299AC96267A18AE00489FEC /* NewsAppTests */ = {
			isa = PBXGroup;
			children = (
				B299ACA2267A211800489FEC /* Resources */,
				B299AC97267A18AE00489FEC /* NewsAppTests.swift */,
				B299AC99267A18AE00489FEC /* Info.plist */,
			);
			path = NewsAppTests;
			sourceTree = "<group>";
		};
		B299ACA2267A211800489FEC /* Resources */ = {
			isa = PBXGroup;
			children = (
				B299ACA3267A214300489FEC /* news.json */,
			);
			path = Resources;
			sourceTree = "<group>";
		};
		B2D958EF266699FB00A9FD81 = {
			isa = PBXGroup;
			children = (
				B2D958FA266699FB00A9FD81 /* NewsApp */,
				B299AC96267A18AE00489FEC /* NewsAppTests */,
				B2D958F9266699FB00A9FD81 /* Products */,
				35B6F5C90EF295ABD5183222 /* Pods */,
				593246778294FE38B4BB8EA5 /* Frameworks */,
			);
			sourceTree = "<group>";
		};
		B2D958F9266699FB00A9FD81 /* Products */ = {
			isa = PBXGroup;
			children = (
				B2D958F8266699FB00A9FD81 /* NewsApp.app */,
				B299AC95267A18AE00489FEC /* NewsAppTests.xctest */,
			);
			name = Products;
			sourceTree = "<group>";
		};
		B2D958FA266699FB00A9FD81 /* NewsApp */ = {
			isa = PBXGroup;
			children = (
				FE277E6F2872287D00CA0CC8 /* Views */,
				FEB05E3B2870B00C00E68040 /* Commons */,
				FE8B149E2869C9C400980C9A /* Model */,
				FE8B14932869C65700980C9A /* Networking */,
				FE8B148B2869BE5900980C9A /* Scenes */,
				FE8B14882869BDDC00980C9A /* Utils */,
				B2D95909266699FB00A9FD81 /* Info.plist */,
				FEB05E37287086DE00E68040 /* Supporting Files */,
				B2656E8C26C68B63001232F4 /* App */,
			);
			path = NewsApp;
			sourceTree = "<group>";
		};
		B2F420B526C5900400643479 /* CategoryResult */ = {
			isa = PBXGroup;
			children = (
				FEB05E2F2870799F00E68040 /* CategoryResultViewController.swift */,
				FEB05E31287081D400E68040 /* CategoryResultConstracts.swift */,
				FEB05E33287082CE00E68040 /* CategoryResultViewModel.swift */,
				FEB05E38287089AA00E68040 /* CategoryResultBuilder.swift */,
			);
			path = CategoryResult;
			sourceTree = "<group>";
		};
		FE277E6F2872287D00CA0CC8 /* Views */ = {
			isa = PBXGroup;
			children = (
				FE277E71287228A200CA0CC8 /* CollectionView Headers */,
				FE277E702872288400CA0CC8 /* CollectionView Cells */,
			);
			path = Views;
			sourceTree = "<group>";
		};
		FE277E702872288400CA0CC8 /* CollectionView Cells */ = {
			isa = PBXGroup;
			children = (
				B2F420B626C5930400643479 /* CategoryResultCell.swift */,
				B299594E26BC432300FA3A0B /* CategoryMainCell.swift */,
				B299595026BC434A00FA3A0B /* CategoryOtherCell.swift */,
				B2BDD7A92741660D009C7084 /* HomeCollectionViewCell.swift */,
			);
			path = "CollectionView Cells";
			sourceTree = "<group>";
		};
		FE277E71287228A200CA0CC8 /* CollectionView Headers */ = {
			isa = PBXGroup;
			children = (
				B2BDD7AB27416BF8009C7084 /* HomePageHeader.swift */,
			);
			path = "CollectionView Headers";
			sourceTree = "<group>";
		};
		FE3A86C5286B30C000E02514 /* NewsDetailPage */ = {
			isa = PBXGroup;
			children = (
				B2656E8A26C68A14001232F4 /* NewsDetailViewController.swift */,
				FE277E672871845500CA0CC8 /* NewsDetailViewModel.swift */,
				FE277E692871847700CA0CC8 /* NewsDetailBuilder.swift */,
				FE277E6B2871848B00CA0CC8 /* NewsDetailConstracts.swift */,
			);
			path = NewsDetailPage;
			sourceTree = "<group>";
		};
		FE3A86CC286B3C5E00E02514 /* SearchPage */ = {
			isa = PBXGroup;
			children = (
				B2A2DF40268E4275009BE3B6 /* SearchPage.swift */,
				FEDA855228A8FD1E00407B59 /* SearchViewController.swift */,
				FEDA855428A8FD2700407B59 /* SearchViewModel.swift */,
				FEDA855628A8FD3400407B59 /* SearchContracts.swift */,
				FEDA855828A9035600407B59 /* SearchPageBuilder.swift */,
			);
			path = SearchPage;
			sourceTree = "<group>";
		};
		FE85D13128A0639900F0F8A3 /* RequestModels */ = {
			isa = PBXGroup;
			children = (
				FE5DD1CF288458EB0021093C /* SourcesRequest.swift */,
				FE6BFBE7287D91AE0000AF27 /* THNewsRequest.swift */,
				FEDA855A28A96DE300407B59 /* NewsWithSourcesRequest.swift */,
			);
			path = RequestModels;
			sourceTree = "<group>";
		};
		FE85D13328A063BE00F0F8A3 /* Categories */ = {
			isa = PBXGroup;
			children = (
				FE8B14A02869CA0400980C9A /* THCategories.swift */,
			);
			path = Categories;
			sourceTree = "<group>";
		};
		FE8B14882869BDDC00980C9A /* Utils */ = {
			isa = PBXGroup;
			children = (
				B299ACA0267A199C00489FEC /* Decoders.swift */,
				FE8B14892869BDE900980C9A /* APISettings.swift */,
				FE8B14A62869CEEA00980C9A /* Constants.swift */,
				FE3A86C3286B150500E02514 /* AlertExtension.swift */,
			);
			path = Utils;
			sourceTree = "<group>";
		};
		FE8B148B2869BE5900980C9A /* Scenes */ = {
			isa = PBXGroup;
			children = (
				FE8B148C2869BE7A00980C9A /* TabBarController */,
				FE3A86C5286B30C000E02514 /* NewsDetailPage */,
				B2F420B526C5900400643479 /* CategoryResult */,
				FE3A86CC286B3C5E00E02514 /* SearchPage */,
				B299594D26BC42C900FA3A0B /* CategoriesPage */,
				B21CB8262742571A00678EEA /* HomePage */,
			);
			path = Scenes;
			sourceTree = "<group>";
		};
		FE8B148C2869BE7A00980C9A /* TabBarController */ = {
			isa = PBXGroup;
			children = (
				B2D2FCAC267E74D700DD25E1 /* TabbarController.swift */,
			);
			path = TabBarController;
			sourceTree = "<group>";
		};
		FE8B14932869C65700980C9A /* Networking */ = {
			isa = PBXGroup;
			children = (
				FE85D13128A0639900F0F8A3 /* RequestModels */,
				FE8B14982869C74700980C9A /* EndPointType.swift */,
				FE8B149C2869C78900980C9A /* APIErrors.swift */,
				FE6BFBE2287D5F510000AF27 /* DataRequest.swift */,
				FE6BFBE4287D8F140000AF27 /* NewNewsService.swift */,
			);
			path = Networking;
			sourceTree = "<group>";
		};
		FE8B149E2869C9C400980C9A /* Model */ = {
			isa = PBXGroup;
			children = (
				FE8B14A82869D10200980C9A /* Responce */,
				FE8B149F2869C9DE00980C9A /* Requests */,
			);
			path = Model;
			sourceTree = "<group>";
		};
		FE8B149F2869C9DE00980C9A /* Requests */ = {
			isa = PBXGroup;
			children = (
				FE8B14A42869CE3400980C9A /* ERequest.swift */,
			);
			path = Requests;
			sourceTree = "<group>";
		};
		FE8B14A82869D10200980C9A /* Responce */ = {
			isa = PBXGroup;
			children = (
				FE85D13328A063BE00F0F8A3 /* Categories */,
				B29FC3BE269EAFCF00051D4E /* Displayable.swift */,
				FE8B14B72869E27B00980C9A /* TopHeadlineResponses */,
				FE8B14B02869DFD900980C9A /* SourcesResponses */,
				FE8B14A92869D10F00980C9A /* EverythingResponses */,
			);
			path = Responce;
			sourceTree = "<group>";
		};
		FE8B14A92869D10F00980C9A /* EverythingResponses */ = {
			isa = PBXGroup;
			children = (
				FE8B14AA2869D13200980C9A /* EArticleModel.swift */,
				FE8B14AC2869D14600980C9A /* ENewsModel.swift */,
				FE8B14AE2869D16000980C9A /* ESourceModel.swift */,
			);
			path = EverythingResponses;
			sourceTree = "<group>";
		};
		FE8B14B02869DFD900980C9A /* SourcesResponses */ = {
			isa = PBXGroup;
			children = (
				FE8B14B12869DFF000980C9A /* Sources.swift */,
				FE8B14B32869E24C00980C9A /* SourcesModel.swift */,
			);
			path = SourcesResponses;
			sourceTree = "<group>";
		};
		FE8B14B72869E27B00980C9A /* TopHeadlineResponses */ = {
			isa = PBXGroup;
			children = (
				FE8B14B82869E29000980C9A /* THArticleModel.swift */,
				FE8B14BA2869E29E00980C9A /* THNewsModel.swift */,
				FE8B14BC2869E2AC00980C9A /* THSourceModel.swift */,
			);
			path = TopHeadlineResponses;
			sourceTree = "<group>";
		};
		FEB05E37287086DE00E68040 /* Supporting Files */ = {
			isa = PBXGroup;
			children = (
				B2D95906266699FB00A9FD81 /* LaunchScreen.storyboard */,
				B2D95904266699FB00A9FD81 /* Assets.xcassets */,
			);
			path = "Supporting Files";
			sourceTree = "<group>";
		};
		FEB05E3A2870AFF900E68040 /* Presentations */ = {
			isa = PBXGroup;
			children = (
				FEB05E3C2870B3FB00E68040 /* NewsPresentation.swift */,
				FE277E7428722AE400CA0CC8 /* CategoriesPresentations.swift */,
			);
			path = Presentations;
			sourceTree = "<group>";
		};
		FEB05E3B2870B00C00E68040 /* Commons */ = {
			isa = PBXGroup;
			children = (
				FEB05E3A2870AFF900E68040 /* Presentations */,
			);
			path = Commons;
			sourceTree = "<group>";
		};
/* End PBXGroup section */

/* Begin PBXNativeTarget section */
		B299AC94267A18AE00489FEC /* NewsAppTests */ = {
			isa = PBXNativeTarget;
			buildConfigurationList = B299AC9C267A18AE00489FEC /* Build configuration list for PBXNativeTarget "NewsAppTests" */;
			buildPhases = (
				6C947C71668DD0380B9D6DCF /* [CP] Check Pods Manifest.lock */,
				B299AC91267A18AE00489FEC /* Sources */,
				B299AC92267A18AE00489FEC /* Frameworks */,
				B299AC93267A18AE00489FEC /* Resources */,
			);
			buildRules = (
			);
			dependencies = (
				B299AC9B267A18AE00489FEC /* PBXTargetDependency */,
			);
			name = NewsAppTests;
			productName = NewsAppTests;
			productReference = B299AC95267A18AE00489FEC /* NewsAppTests.xctest */;
			productType = "com.apple.product-type.bundle.unit-test";
		};
		B2D958F7266699FB00A9FD81 /* NewsApp */ = {
			isa = PBXNativeTarget;
			buildConfigurationList = B2D9590C266699FB00A9FD81 /* Build configuration list for PBXNativeTarget "NewsApp" */;
			buildPhases = (
				BEB1BF732041D57FCD7D3008 /* [CP] Check Pods Manifest.lock */,
				B2D958F4266699FB00A9FD81 /* Sources */,
				B2D958F5266699FB00A9FD81 /* Frameworks */,
				B2D958F6266699FB00A9FD81 /* Resources */,
				2B59FCB7C20E2DDF3CE21016 /* [CP] Embed Pods Frameworks */,
			);
			buildRules = (
			);
			dependencies = (
			);
			name = NewsApp;
			productName = NewsApp;
			productReference = B2D958F8266699FB00A9FD81 /* NewsApp.app */;
			productType = "com.apple.product-type.application";
		};
/* End PBXNativeTarget section */

/* Begin PBXProject section */
		B2D958F0266699FB00A9FD81 /* Project object */ = {
			isa = PBXProject;
			attributes = {
				LastSwiftUpdateCheck = 1250;
				LastUpgradeCheck = 1240;
				TargetAttributes = {
					B299AC94267A18AE00489FEC = {
						CreatedOnToolsVersion = 12.5;
						TestTargetID = B2D958F7266699FB00A9FD81;
					};
					B2D958F7266699FB00A9FD81 = {
						CreatedOnToolsVersion = 12.4;
					};
				};
			};
			buildConfigurationList = B2D958F3266699FB00A9FD81 /* Build configuration list for PBXProject "NewsApp" */;
			compatibilityVersion = "Xcode 9.3";
			developmentRegion = en;
			hasScannedForEncodings = 0;
			knownRegions = (
				en,
				Base,
			);
			mainGroup = B2D958EF266699FB00A9FD81;
			productRefGroup = B2D958F9266699FB00A9FD81 /* Products */;
			projectDirPath = "";
			projectRoot = "";
			targets = (
				B2D958F7266699FB00A9FD81 /* NewsApp */,
				B299AC94267A18AE00489FEC /* NewsAppTests */,
			);
		};
/* End PBXProject section */

/* Begin PBXResourcesBuildPhase section */
		B299AC93267A18AE00489FEC /* Resources */ = {
			isa = PBXResourcesBuildPhase;
			buildActionMask = 2147483647;
			files = (
				B299ACA4267A214300489FEC /* news.json in Resources */,
			);
			runOnlyForDeploymentPostprocessing = 0;
		};
		B2D958F6266699FB00A9FD81 /* Resources */ = {
			isa = PBXResourcesBuildPhase;
			buildActionMask = 2147483647;
			files = (
				B2D95908266699FB00A9FD81 /* LaunchScreen.storyboard in Resources */,
				B2D95905266699FB00A9FD81 /* Assets.xcassets in Resources */,
			);
			runOnlyForDeploymentPostprocessing = 0;
		};
/* End PBXResourcesBuildPhase section */

/* Begin PBXShellScriptBuildPhase section */
		2B59FCB7C20E2DDF3CE21016 /* [CP] Embed Pods Frameworks */ = {
			isa = PBXShellScriptBuildPhase;
			buildActionMask = 2147483647;
			files = (
			);
			inputFileListPaths = (
				"${PODS_ROOT}/Target Support Files/Pods-NewsApp/Pods-NewsApp-frameworks-${CONFIGURATION}-input-files.xcfilelist",
			);
			name = "[CP] Embed Pods Frameworks";
			outputFileListPaths = (
				"${PODS_ROOT}/Target Support Files/Pods-NewsApp/Pods-NewsApp-frameworks-${CONFIGURATION}-output-files.xcfilelist",
			);
			runOnlyForDeploymentPostprocessing = 0;
			shellPath = /bin/sh;
			shellScript = "\"${PODS_ROOT}/Target Support Files/Pods-NewsApp/Pods-NewsApp-frameworks.sh\"\n";
			showEnvVarsInLog = 0;
		};
		6C947C71668DD0380B9D6DCF /* [CP] Check Pods Manifest.lock */ = {
			isa = PBXShellScriptBuildPhase;
			buildActionMask = 2147483647;
			files = (
			);
			inputFileListPaths = (
			);
			inputPaths = (
				"${PODS_PODFILE_DIR_PATH}/Podfile.lock",
				"${PODS_ROOT}/Manifest.lock",
			);
			name = "[CP] Check Pods Manifest.lock";
			outputFileListPaths = (
			);
			outputPaths = (
				"$(DERIVED_FILE_DIR)/Pods-NewsAppTests-checkManifestLockResult.txt",
			);
			runOnlyForDeploymentPostprocessing = 0;
			shellPath = /bin/sh;
			shellScript = "diff \"${PODS_PODFILE_DIR_PATH}/Podfile.lock\" \"${PODS_ROOT}/Manifest.lock\" > /dev/null\nif [ $? != 0 ] ; then\n    # print error to STDERR\n    echo \"error: The sandbox is not in sync with the Podfile.lock. Run 'pod install' or update your CocoaPods installation.\" >&2\n    exit 1\nfi\n# This output is used by Xcode 'outputs' to avoid re-running this script phase.\necho \"SUCCESS\" > \"${SCRIPT_OUTPUT_FILE_0}\"\n";
			showEnvVarsInLog = 0;
		};
		BEB1BF732041D57FCD7D3008 /* [CP] Check Pods Manifest.lock */ = {
			isa = PBXShellScriptBuildPhase;
			buildActionMask = 2147483647;
			files = (
			);
			inputFileListPaths = (
			);
			inputPaths = (
				"${PODS_PODFILE_DIR_PATH}/Podfile.lock",
				"${PODS_ROOT}/Manifest.lock",
			);
			name = "[CP] Check Pods Manifest.lock";
			outputFileListPaths = (
			);
			outputPaths = (
				"$(DERIVED_FILE_DIR)/Pods-NewsApp-checkManifestLockResult.txt",
			);
			runOnlyForDeploymentPostprocessing = 0;
			shellPath = /bin/sh;
			shellScript = "diff \"${PODS_PODFILE_DIR_PATH}/Podfile.lock\" \"${PODS_ROOT}/Manifest.lock\" > /dev/null\nif [ $? != 0 ] ; then\n    # print error to STDERR\n    echo \"error: The sandbox is not in sync with the Podfile.lock. Run 'pod install' or update your CocoaPods installation.\" >&2\n    exit 1\nfi\n# This output is used by Xcode 'outputs' to avoid re-running this script phase.\necho \"SUCCESS\" > \"${SCRIPT_OUTPUT_FILE_0}\"\n";
			showEnvVarsInLog = 0;
		};
/* End PBXShellScriptBuildPhase section */

/* Begin PBXSourcesBuildPhase section */
		B299AC91267A18AE00489FEC /* Sources */ = {
			isa = PBXSourcesBuildPhase;
			buildActionMask = 2147483647;
			files = (
				B299AC98267A18AE00489FEC /* NewsAppTests.swift in Sources */,
			);
			runOnlyForDeploymentPostprocessing = 0;
		};
		B2D958F4266699FB00A9FD81 /* Sources */ = {
			isa = PBXSourcesBuildPhase;
			buildActionMask = 2147483647;
			files = (
				B299594F26BC432300FA3A0B /* CategoryMainCell.swift in Sources */,
				FE6BFBE5287D8F140000AF27 /* NewNewsService.swift in Sources */,
				B2656E8B26C68A14001232F4 /* NewsDetailViewController.swift in Sources */,
				FE277E77287234C800CA0CC8 /* HomeBuilder.swift in Sources */,
				B2F420B726C5930400643479 /* CategoryResultCell.swift in Sources */,
				B299595126BC434A00FA3A0B /* CategoryOtherCell.swift in Sources */,
				FE3A86C4286B150500E02514 /* AlertExtension.swift in Sources */,
				FE8B14AB2869D13200980C9A /* EArticleModel.swift in Sources */,
				FE8B14AF2869D16000980C9A /* ESourceModel.swift in Sources */,
				FE3A86CB286B387C00E02514 /* CategoriesConstract.swift in Sources */,
				FE8B14BD2869E2AC00980C9A /* THSourceModel.swift in Sources */,
				B2D958FC266699FB00A9FD81 /* AppDelegate.swift in Sources */,
				FE2D8632287EC03800A49580 /* AppContainer.swift in Sources */,
				FEDA855B28A96DE300407B59 /* NewsWithSourcesRequest.swift in Sources */,
				FE8B14922869BEFA00980C9A /* HomeContracts.swift in Sources */,
				FE8B14A72869CEEA00980C9A /* Constants.swift in Sources */,
				FE6BFBE3287D5F510000AF27 /* DataRequest.swift in Sources */,
				FE8B14902869BEB900980C9A /* HomeViewModel.swift in Sources */,
				FE8B149D2869C78900980C9A /* APIErrors.swift in Sources */,
				B2A2DF41268E4275009BE3B6 /* SearchPage.swift in Sources */,
				B299ACA1267A199C00489FEC /* Decoders.swift in Sources */,
				B2D5374B268400E7009BBB1B /* CategoriesViewController.swift in Sources */,
				FE277E6A2871847700CA0CC8 /* NewsDetailBuilder.swift in Sources */,
				B2BDD7AC27416BF8009C7084 /* HomePageHeader.swift in Sources */,
				FEB05E32287081D400E68040 /* CategoryResultConstracts.swift in Sources */,
				FEDA855928A9035600407B59 /* SearchPageBuilder.swift in Sources */,
				FE3A86C9286B386800E02514 /* CategoriesViewModel.swift in Sources */,
				FE8B148E2869BEAF00980C9A /* HomeViewController.swift in Sources */,
				FE6BFBE8287D91AE0000AF27 /* THNewsRequest.swift in Sources */,
				FEB05E3D2870B3FB00E68040 /* NewsPresentation.swift in Sources */,
				FEB05E34287082CE00E68040 /* CategoryResultViewModel.swift in Sources */,
				FE5DD1D0288458EB0021093C /* SourcesRequest.swift in Sources */,
				FE8B14B42869E24C00980C9A /* SourcesModel.swift in Sources */,
				B2BDD7AA2741660D009C7084 /* HomeCollectionViewCell.swift in Sources */,
				FEB05E39287089AA00E68040 /* CategoryResultBuilder.swift in Sources */,
				B2D2FCAD267E74D700DD25E1 /* TabbarController.swift in Sources */,
				B29FC3BF269EAFCF00051D4E /* Displayable.swift in Sources */,
				FE8B14A52869CE3400980C9A /* ERequest.swift in Sources */,
				FE8B14AD2869D14600980C9A /* ENewsModel.swift in Sources */,
				FE8B14BB2869E29E00980C9A /* THNewsModel.swift in Sources */,
				FE8B14B22869DFF000980C9A /* Sources.swift in Sources */,
				FE277E732872291100CA0CC8 /* CategoriesBuilder.swift in Sources */,
				FEDA855328A8FD1E00407B59 /* SearchViewController.swift in Sources */,
				FE8B14B92869E29000980C9A /* THArticleModel.swift in Sources */,
				FE8B148A2869BDE900980C9A /* APISettings.swift in Sources */,
				FEDA855728A8FD3400407B59 /* SearchContracts.swift in Sources */,
				FE277E682871845500CA0CC8 /* NewsDetailViewModel.swift in Sources */,
				FEB05E302870799F00E68040 /* CategoryResultViewController.swift in Sources */,
				FE277E6C2871848B00CA0CC8 /* NewsDetailConstracts.swift in Sources */,
				FE8B14992869C74700980C9A /* EndPointType.swift in Sources */,
				FE8B14A12869CA0400980C9A /* THCategories.swift in Sources */,
				FEDA855528A8FD2700407B59 /* SearchViewModel.swift in Sources */,
				FE277E7528722AE400CA0CC8 /* CategoriesPresentations.swift in Sources */,
				B2D958FE266699FB00A9FD81 /* SceneDelegate.swift in Sources */,
			);
			runOnlyForDeploymentPostprocessing = 0;
		};
/* End PBXSourcesBuildPhase section */

/* Begin PBXTargetDependency section */
		B299AC9B267A18AE00489FEC /* PBXTargetDependency */ = {
			isa = PBXTargetDependency;
			target = B2D958F7266699FB00A9FD81 /* NewsApp */;
			targetProxy = B299AC9A267A18AE00489FEC /* PBXContainerItemProxy */;
		};
/* End PBXTargetDependency section */

/* Begin PBXVariantGroup section */
		B2D95906266699FB00A9FD81 /* LaunchScreen.storyboard */ = {
			isa = PBXVariantGroup;
			children = (
				B2D95907266699FB00A9FD81 /* Base */,
			);
			name = LaunchScreen.storyboard;
			sourceTree = "<group>";
		};
/* End PBXVariantGroup section */

/* Begin XCBuildConfiguration section */
		B299AC9D267A18AE00489FEC /* Debug */ = {
			isa = XCBuildConfiguration;
			baseConfigurationReference = CCAB4B788C20B5276EA6D7D8 /* Pods-NewsAppTests.debug.xcconfig */;
			buildSettings = {
				BUNDLE_LOADER = "$(TEST_HOST)";
				CODE_SIGN_STYLE = Automatic;
				DEVELOPMENT_TEAM = SJJ8DXY36Z;
				INFOPLIST_FILE = NewsAppTests/Info.plist;
				IPHONEOS_DEPLOYMENT_TARGET = 14.5;
				LD_RUNPATH_SEARCH_PATHS = (
					"$(inherited)",
					"@executable_path/Frameworks",
					"@loader_path/Frameworks",
				);
				PRODUCT_BUNDLE_IDENTIFIER = com.bedirhanturhan.NewsAppTests;
				PRODUCT_NAME = "$(TARGET_NAME)";
				SWIFT_VERSION = 5.0;
				TARGETED_DEVICE_FAMILY = "1,2";
				TEST_HOST = "$(BUILT_PRODUCTS_DIR)/NewsApp.app/NewsApp";
			};
			name = Debug;
		};
		B299AC9E267A18AE00489FEC /* Release */ = {
			isa = XCBuildConfiguration;
			baseConfigurationReference = F7AF7C4B2EF4E0F5543C1C4A /* Pods-NewsAppTests.release.xcconfig */;
			buildSettings = {
				BUNDLE_LOADER = "$(TEST_HOST)";
				CODE_SIGN_STYLE = Automatic;
				DEVELOPMENT_TEAM = SJJ8DXY36Z;
				INFOPLIST_FILE = NewsAppTests/Info.plist;
				IPHONEOS_DEPLOYMENT_TARGET = 14.5;
				LD_RUNPATH_SEARCH_PATHS = (
					"$(inherited)",
					"@executable_path/Frameworks",
					"@loader_path/Frameworks",
				);
				PRODUCT_BUNDLE_IDENTIFIER = com.bedirhanturhan.NewsAppTests;
				PRODUCT_NAME = "$(TARGET_NAME)";
				SWIFT_VERSION = 5.0;
				TARGETED_DEVICE_FAMILY = "1,2";
				TEST_HOST = "$(BUILT_PRODUCTS_DIR)/NewsApp.app/NewsApp";
			};
			name = Release;
		};
		B2D9590A266699FB00A9FD81 /* Debug */ = {
			isa = XCBuildConfiguration;
			buildSettings = {
				ALWAYS_SEARCH_USER_PATHS = NO;
				CLANG_ANALYZER_NONNULL = YES;
				CLANG_ANALYZER_NUMBER_OBJECT_CONVERSION = YES_AGGRESSIVE;
				CLANG_CXX_LANGUAGE_STANDARD = "gnu++14";
				CLANG_CXX_LIBRARY = "libc++";
				CLANG_ENABLE_MODULES = YES;
				CLANG_ENABLE_OBJC_ARC = YES;
				CLANG_ENABLE_OBJC_WEAK = YES;
				CLANG_WARN_BLOCK_CAPTURE_AUTORELEASING = YES;
				CLANG_WARN_BOOL_CONVERSION = YES;
				CLANG_WARN_COMMA = YES;
				CLANG_WARN_CONSTANT_CONVERSION = YES;
				CLANG_WARN_DEPRECATED_OBJC_IMPLEMENTATIONS = YES;
				CLANG_WARN_DIRECT_OBJC_ISA_USAGE = YES_ERROR;
				CLANG_WARN_DOCUMENTATION_COMMENTS = YES;
				CLANG_WARN_EMPTY_BODY = YES;
				CLANG_WARN_ENUM_CONVERSION = YES;
				CLANG_WARN_INFINITE_RECURSION = YES;
				CLANG_WARN_INT_CONVERSION = YES;
				CLANG_WARN_NON_LITERAL_NULL_CONVERSION = YES;
				CLANG_WARN_OBJC_IMPLICIT_RETAIN_SELF = YES;
				CLANG_WARN_OBJC_LITERAL_CONVERSION = YES;
				CLANG_WARN_OBJC_ROOT_CLASS = YES_ERROR;
				CLANG_WARN_QUOTED_INCLUDE_IN_FRAMEWORK_HEADER = YES;
				CLANG_WARN_RANGE_LOOP_ANALYSIS = YES;
				CLANG_WARN_STRICT_PROTOTYPES = YES;
				CLANG_WARN_SUSPICIOUS_MOVE = YES;
				CLANG_WARN_UNGUARDED_AVAILABILITY = YES_AGGRESSIVE;
				CLANG_WARN_UNREACHABLE_CODE = YES;
				CLANG_WARN__DUPLICATE_METHOD_MATCH = YES;
				COPY_PHASE_STRIP = NO;
				DEBUG_INFORMATION_FORMAT = dwarf;
				ENABLE_STRICT_OBJC_MSGSEND = YES;
				ENABLE_TESTABILITY = YES;
				GCC_C_LANGUAGE_STANDARD = gnu11;
				GCC_DYNAMIC_NO_PIC = NO;
				GCC_NO_COMMON_BLOCKS = YES;
				GCC_OPTIMIZATION_LEVEL = 0;
				GCC_PREPROCESSOR_DEFINITIONS = (
					"DEBUG=1",
					"$(inherited)",
				);
				GCC_WARN_64_TO_32_BIT_CONVERSION = YES;
				GCC_WARN_ABOUT_RETURN_TYPE = YES_ERROR;
				GCC_WARN_UNDECLARED_SELECTOR = YES;
				GCC_WARN_UNINITIALIZED_AUTOS = YES_AGGRESSIVE;
				GCC_WARN_UNUSED_FUNCTION = YES;
				GCC_WARN_UNUSED_VARIABLE = YES;
				IPHONEOS_DEPLOYMENT_TARGET = 14.4;
				MTL_ENABLE_DEBUG_INFO = INCLUDE_SOURCE;
				MTL_FAST_MATH = YES;
				ONLY_ACTIVE_ARCH = YES;
				SDKROOT = iphoneos;
				SWIFT_ACTIVE_COMPILATION_CONDITIONS = DEBUG;
				SWIFT_OPTIMIZATION_LEVEL = "-Onone";
			};
			name = Debug;
		};
		B2D9590B266699FB00A9FD81 /* Release */ = {
			isa = XCBuildConfiguration;
			buildSettings = {
				ALWAYS_SEARCH_USER_PATHS = NO;
				CLANG_ANALYZER_NONNULL = YES;
				CLANG_ANALYZER_NUMBER_OBJECT_CONVERSION = YES_AGGRESSIVE;
				CLANG_CXX_LANGUAGE_STANDARD = "gnu++14";
				CLANG_CXX_LIBRARY = "libc++";
				CLANG_ENABLE_MODULES = YES;
				CLANG_ENABLE_OBJC_ARC = YES;
				CLANG_ENABLE_OBJC_WEAK = YES;
				CLANG_WARN_BLOCK_CAPTURE_AUTORELEASING = YES;
				CLANG_WARN_BOOL_CONVERSION = YES;
				CLANG_WARN_COMMA = YES;
				CLANG_WARN_CONSTANT_CONVERSION = YES;
				CLANG_WARN_DEPRECATED_OBJC_IMPLEMENTATIONS = YES;
				CLANG_WARN_DIRECT_OBJC_ISA_USAGE = YES_ERROR;
				CLANG_WARN_DOCUMENTATION_COMMENTS = YES;
				CLANG_WARN_EMPTY_BODY = YES;
				CLANG_WARN_ENUM_CONVERSION = YES;
				CLANG_WARN_INFINITE_RECURSION = YES;
				CLANG_WARN_INT_CONVERSION = YES;
				CLANG_WARN_NON_LITERAL_NULL_CONVERSION = YES;
				CLANG_WARN_OBJC_IMPLICIT_RETAIN_SELF = YES;
				CLANG_WARN_OBJC_LITERAL_CONVERSION = YES;
				CLANG_WARN_OBJC_ROOT_CLASS = YES_ERROR;
				CLANG_WARN_QUOTED_INCLUDE_IN_FRAMEWORK_HEADER = YES;
				CLANG_WARN_RANGE_LOOP_ANALYSIS = YES;
				CLANG_WARN_STRICT_PROTOTYPES = YES;
				CLANG_WARN_SUSPICIOUS_MOVE = YES;
				CLANG_WARN_UNGUARDED_AVAILABILITY = YES_AGGRESSIVE;
				CLANG_WARN_UNREACHABLE_CODE = YES;
				CLANG_WARN__DUPLICATE_METHOD_MATCH = YES;
				COPY_PHASE_STRIP = NO;
				DEBUG_INFORMATION_FORMAT = "dwarf-with-dsym";
				ENABLE_NS_ASSERTIONS = NO;
				ENABLE_STRICT_OBJC_MSGSEND = YES;
				GCC_C_LANGUAGE_STANDARD = gnu11;
				GCC_NO_COMMON_BLOCKS = YES;
				GCC_WARN_64_TO_32_BIT_CONVERSION = YES;
				GCC_WARN_ABOUT_RETURN_TYPE = YES_ERROR;
				GCC_WARN_UNDECLARED_SELECTOR = YES;
				GCC_WARN_UNINITIALIZED_AUTOS = YES_AGGRESSIVE;
				GCC_WARN_UNUSED_FUNCTION = YES;
				GCC_WARN_UNUSED_VARIABLE = YES;
				IPHONEOS_DEPLOYMENT_TARGET = 14.4;
				MTL_ENABLE_DEBUG_INFO = NO;
				MTL_FAST_MATH = YES;
				SDKROOT = iphoneos;
				SWIFT_COMPILATION_MODE = wholemodule;
				SWIFT_OPTIMIZATION_LEVEL = "-O";
				VALIDATE_PRODUCT = YES;
			};
			name = Release;
		};
		B2D9590D266699FB00A9FD81 /* Debug */ = {
			isa = XCBuildConfiguration;
			baseConfigurationReference = EBACA985E00650B9F7AD5F8C /* Pods-NewsApp.debug.xcconfig */;
			buildSettings = {
				ASSETCATALOG_COMPILER_APPICON_NAME = AppIcon;
				ASSETCATALOG_COMPILER_GLOBAL_ACCENT_COLOR_NAME = AccentColor;
				CODE_SIGN_STYLE = Automatic;
				DEVELOPMENT_TEAM = SJJ8DXY36Z;
				INFOPLIST_FILE = NewsApp/Info.plist;
				LD_RUNPATH_SEARCH_PATHS = (
					"$(inherited)",
					"@executable_path/Frameworks",
				);
				PRODUCT_BUNDLE_IDENTIFIER = com.bedirhanturhan.NewsApp;
				PRODUCT_NAME = "$(TARGET_NAME)";
				SWIFT_VERSION = 5.0;
				TARGETED_DEVICE_FAMILY = "1,2";
			};
			name = Debug;
		};
		B2D9590E266699FB00A9FD81 /* Release */ = {
			isa = XCBuildConfiguration;
			baseConfigurationReference = D36CA60905091128D0327FAA /* Pods-NewsApp.release.xcconfig */;
			buildSettings = {
				ASSETCATALOG_COMPILER_APPICON_NAME = AppIcon;
				ASSETCATALOG_COMPILER_GLOBAL_ACCENT_COLOR_NAME = AccentColor;
				CODE_SIGN_STYLE = Automatic;
				DEVELOPMENT_TEAM = SJJ8DXY36Z;
				INFOPLIST_FILE = NewsApp/Info.plist;
				LD_RUNPATH_SEARCH_PATHS = (
					"$(inherited)",
					"@executable_path/Frameworks",
				);
				PRODUCT_BUNDLE_IDENTIFIER = com.bedirhanturhan.NewsApp;
				PRODUCT_NAME = "$(TARGET_NAME)";
				SWIFT_VERSION = 5.0;
				TARGETED_DEVICE_FAMILY = "1,2";
			};
			name = Release;
		};
/* End XCBuildConfiguration section */

/* Begin XCConfigurationList section */
		B299AC9C267A18AE00489FEC /* Build configuration list for PBXNativeTarget "NewsAppTests" */ = {
			isa = XCConfigurationList;
			buildConfigurations = (
				B299AC9D267A18AE00489FEC /* Debug */,
				B299AC9E267A18AE00489FEC /* Release */,
			);
			defaultConfigurationIsVisible = 0;
			defaultConfigurationName = Release;
		};
		B2D958F3266699FB00A9FD81 /* Build configuration list for PBXProject "NewsApp" */ = {
			isa = XCConfigurationList;
			buildConfigurations = (
				B2D9590A266699FB00A9FD81 /* Debug */,
				B2D9590B266699FB00A9FD81 /* Release */,
			);
			defaultConfigurationIsVisible = 0;
			defaultConfigurationName = Release;
		};
		B2D9590C266699FB00A9FD81 /* Build configuration list for PBXNativeTarget "NewsApp" */ = {
			isa = XCConfigurationList;
			buildConfigurations = (
				B2D9590D266699FB00A9FD81 /* Debug */,
				B2D9590E266699FB00A9FD81 /* Release */,
			);
			defaultConfigurationIsVisible = 0;
			defaultConfigurationName = Release;
		};
/* End XCConfigurationList section */
	};
	rootObject = B2D958F0266699FB00A9FD81 /* Project object */;
}
